
Microsoft Visual Studio Solution File, Format Version 12.00
# Visual Studio 2013
VisualStudioVersion = 12.0.21005.1
MinimumVisualStudioVersion = 10.0.40219.1
Project("{FAE04EC0-301F-11D3-BF4B-00C04F79EFBC}") = "RacoonMiddleWare", "RacoonMiddleWare\RacoonMiddleWare.csproj", "{77F639B3-BDFD-497E-90EB-723D6D0131CC}"
EndProject
Project("{FAE04EC0-301F-11D3-BF4B-00C04F79EFBC}") = "StoredProcCreator", "StoredProcCreator\StoredProcCreator.csproj", "{8514DC25-92B9-4FDB-95F0-89D1220B8E10}"
EndProject
Project("{FAE04EC0-301F-11D3-BF4B-00C04F79EFBC}") = "MiddleWareBussinessObjects", "MiddleWareBussinessObjects\MiddleWareBussinessObjects.csproj", "{5AD535D2-A6C7-40B6-A348-55F198BCFD24}"
EndProject
Project("{FAE04EC0-301F-11D3-BF4B-00C04F79EFBC}") = "StardogConnection", "StardogConnection\StardogConnection.csproj", "{2B76BA62-DEC7-4A5F-8FF6-03E238A7FC68}"
EndProject
Project("{FAE04EC0-301F-11D3-BF4B-00C04F79EFBC}") = "REDISConnector", "REDISConnector\REDISConnector.csproj", "{C60F9406-D9C3-4A5E-A748-1B8848BE5C62}"
EndProject
Project("{FAE04EC0-301F-11D3-BF4B-00C04F79EFBC}") = "UserManager", "UserManager\UserManager.csproj", "{16104E30-25D4-4163-A8FC-BDDF9F46D146}"
EndProject
Project("{FAE04EC0-301F-11D3-BF4B-00C04F79EFBC}") = "WinFormsUserManager", "WinFormsUserManager\WinFormsUserManager.csproj", "{48CB1AD9-87BA-44F8-98B6-2E0F1076AE03}"
EndProject
Project("{FAE04EC0-301F-11D3-BF4B-00C04F79EFBC}") = "Queries", "Queries\Queries.csproj", "{B01B5E2F-951D-4338-A767-097B6A6B6648}"
EndProject
Project("{2150E333-8FDC-42A3-9474-1A3956D46DE8}") = "dotNetRDF", "dotNetRDF", "{8A552F36-6877-4094-AFD0-BCBC471E6564}"
EndProject
Project("{2150E333-8FDC-42A3-9474-1A3956D46DE8}") = "Solution Items", "Solution Items", "{8AF0B3BE-7B01-45FF-8EA5-CCF0C596F7E7}"
	ProjectSection(SolutionItems) = preProject
		..\dotnetrdf_library_source_108_stable_untouched\dotNetRDF.vsmdi = ..\dotnetrdf_library_source_108_stable_untouched\dotNetRDF.vsmdi
		..\dotnetrdf_library_source_108_stable_untouched\Tests.testrunconfig = ..\dotnetrdf_library_source_108_stable_untouched\Tests.testrunconfig
		..\dotnetrdf_library_source_108_stable_untouched\Todo.txt = ..\dotnetrdf_library_source_108_stable_untouched\Todo.txt
	EndProjectSection
EndProject
Project("{2150E333-8FDC-42A3-9474-1A3956D46DE8}") = "Build", "Build", "{3CDA014A-AA30-48E7-84C6-44BA1AA0C7DD}"
	ProjectSection(SolutionItems) = preProject
		..\dotnetrdf_library_source_108_stable_untouched\Build\Build and Release Process.txt = ..\dotnetrdf_library_source_108_stable_untouched\Build\Build and Release Process.txt
	EndProjectSection
EndProject
Project("{2150E333-8FDC-42A3-9474-1A3956D46DE8}") = "Documentation", "Documentation", "{05FF69EA-EC65-4CD6-AC82-12D110E6D626}"
	ProjectSection(SolutionItems) = preProject
		..\Acknowledgments.txt = ..\Acknowledgments.txt
		..\license-boilerplate.txt = ..\license-boilerplate.txt
	EndProjectSection
EndProject
Project("{2150E333-8FDC-42A3-9474-1A3956D46DE8}") = "Core Library", "Core Library", "{D0EBD311-D634-4254-B787-3573CE8E808C}"
	ProjectSection(SolutionItems) = preProject
		..\dotnetrdf_library_source_108_stable_untouched\Libraries\ChangeLog.txt = ..\dotnetrdf_library_source_108_stable_untouched\Libraries\ChangeLog.txt
		..\dotnetrdf_library_source_108_stable_untouched\Libraries\core\net40\Compiler Symbols.txt = ..\dotnetrdf_library_source_108_stable_untouched\Libraries\core\net40\Compiler Symbols.txt
		..\dotnetrdf_library_source_108_stable_untouched\Libraries\core\net40\Compiling.txt = ..\dotnetrdf_library_source_108_stable_untouched\Libraries\core\net40\Compiling.txt
		..\dotnetrdf_library_source_108_stable_untouched\Libraries\ReadMe.txt = ..\dotnetrdf_library_source_108_stable_untouched\Libraries\ReadMe.txt
		..\dotnetrdf_library_source_108_stable_untouched\Libraries\ReleaseNotes.txt = ..\dotnetrdf_library_source_108_stable_untouched\Libraries\ReleaseNotes.txt
	EndProjectSection
EndProject
Project("{2150E333-8FDC-42A3-9474-1A3956D46DE8}") = "NDoc", "NDoc", "{BF556CC4-9192-4D6B-9BA4-CDFF06FD0E53}"
	ProjectSection(SolutionItems) = preProject
		..\dotnetrdf_library_source_108_stable_untouched\Build\ndoc3\Overview.html = ..\dotnetrdf_library_source_108_stable_untouched\Build\ndoc3\Overview.html
	EndProjectSection
EndProject
Project("{2150E333-8FDC-42A3-9474-1A3956D46DE8}") = "Libraries", "Libraries", "{6F7FE654-1B71-4433-B008-6DA0AB0FCBE0}"
EndProject
Project("{2150E333-8FDC-42A3-9474-1A3956D46DE8}") = "Testing", "Testing", "{F80E132E-28EE-4CC6-B11C-1683ED75B1FC}"
EndProject
Project("{2150E333-8FDC-42A3-9474-1A3956D46DE8}") = "Data Libraries", "Data Libraries", "{3B5E2EA1-394B-4137-9F62-062F0163CD9D}"
EndProject
Project("{2150E333-8FDC-42A3-9474-1A3956D46DE8}") = "NuGet", "NuGet", "{99E6AA95-7905-4997-A593-F21E11BDD2DB}"
	ProjectSection(SolutionItems) = preProject
		..\dotnetrdf_library_source_108_stable_untouched\Build\nuget\Data.Virtuoso\dotNetRDF.Data.Virtuoso.nuspec = ..\dotnetrdf_library_source_108_stable_untouched\Build\nuget\Data.Virtuoso\dotNetRDF.Data.Virtuoso.nuspec
		..\dotnetrdf_library_source_108_stable_untouched\Build\nuget\Core\dotNetRDF.nuspec = ..\dotnetrdf_library_source_108_stable_untouched\Build\nuget\Core\dotNetRDF.nuspec
		..\dotnetrdf_library_source_108_stable_untouched\Build\nuget\Query.FullText\dotNetRDF.Query.FullText.nuspec = ..\dotnetrdf_library_source_108_stable_untouched\Build\nuget\Query.FullText\dotNetRDF.Query.FullText.nuspec
	EndProjectSection
EndProject
Project("{2150E333-8FDC-42A3-9474-1A3956D46DE8}") = "NAnt", "NAnt", "{D763DA6C-5FA1-4A50-B8F8-2117C11CF2C4}"
	ProjectSection(SolutionItems) = preProject
		..\dotnetrdf_library_source_108_stable_untouched\Build\nant\dotnetrdf.build = ..\dotnetrdf_library_source_108_stable_untouched\Build\nant\dotnetrdf.build
	EndProjectSection
EndProject
Project("{2150E333-8FDC-42A3-9474-1A3956D46DE8}") = "Query Libraries", "Query Libraries", "{A0F95852-74DF-46F9-9848-F934F62C0D70}"
EndProject
Project("{FAE04EC0-301F-11D3-BF4B-00C04F79EFBC}") = "dotNetRDF", "..\dotnetrdf_library_source_108_stable_untouched\Libraries\core\net40\dotNetRDF.csproj", "{BFBAC159-1E60-4D03-8ACA-D34E31EB83BF}"
EndProject
Project("{FAE04EC0-301F-11D3-BF4B-00C04F79EFBC}") = "dotNetRDF.Test", "..\dotnetrdf_library_source_108_stable_untouched\Testing\unittest\dotNetRDF.Test.csproj", "{BD80F826-56A3-4A88-B466-DDFA0691FFB8}"
EndProject
Project("{FAE04EC0-301F-11D3-BF4B-00C04F79EFBC}") = "dotNetRDF.Data.Virtuoso", "..\dotnetrdf_library_source_108_stable_untouched\Libraries\Data\Virtuoso\net40\dotNetRDF.Data.Virtuoso.csproj", "{9088435D-24F9-4D53-BE71-9A9BFBAA34EE}"
EndProject
Project("{FAE04EC0-301F-11D3-BF4B-00C04F79EFBC}") = "dotNetRDF.Query.FullText", "..\dotnetrdf_library_source_108_stable_untouched\Libraries\Query\FullText\net40\dotNetRDF.Query.FullText.csproj", "{09097771-84FD-4DC8-A259-1CB0591714EA}"
EndProject
Project("{FAE04EC0-301F-11D3-BF4B-00C04F79EFBC}") = "sparqlDawgTester", "..\dotnetrdf_library_source_108_stable_untouched\Testing\sparqlDawgTests\sparqlDawgTester.csproj", "{D54B96E7-46EB-4183-9C5D-898BE5DEBE2B}"
EndProject
Project("{FAE04EC0-301F-11D3-BF4B-00C04F79EFBC}") = "WebDemos", "..\dotnetrdf_library_source_108_stable_untouched\Samples\WebDemos\WebDemos.csproj", "{A94A8072-04EB-4D9B-96A8-82C3C3CA21CD}"
EndProject
Project("{2150E333-8FDC-42A3-9474-1A3956D46DE8}") = ".nuget", ".nuget", "{1F765D4C-46A6-4F82-A338-3E0952EEFB39}"
	ProjectSection(SolutionItems) = preProject
		..\dotnetrdf_library_source_108_stable_untouched\.nuget\NuGet.Config = ..\dotnetrdf_library_source_108_stable_untouched\.nuget\NuGet.Config
	EndProjectSection
EndProject
Project("{FAE04EC0-301F-11D3-BF4B-00C04F79EFBC}") = "UploadLDLTool", "UploadLDLTool\UploadLDLTool.csproj", "{6E9F1CE8-6C55-454D-BDFB-D019E37CFA4F}"
EndProject
Project("{FAE04EC0-301F-11D3-BF4B-00C04F79EFBC}") = "ETCSMessageService", "ETCSMessageService\ETCSMessageService.csproj", "{F2357D10-8FAB-4F77-B0D6-F67A0CDAC6A8}"
	ProjectSection(ProjectDependencies) = postProject
		{77F639B3-BDFD-497E-90EB-723D6D0131CC} = {77F639B3-BDFD-497E-90EB-723D6D0131CC}
	EndProjectSection
EndProject
Global
	GlobalSection(SolutionConfigurationPlatforms) = preSolution
		Debug|Any CPU = Debug|Any CPU
		Debug|Mixed Platforms = Debug|Mixed Platforms
		Debug|x64 = Debug|x64
		Debug|x86 = Debug|x86
		Release|Any CPU = Release|Any CPU
		Release|Mixed Platforms = Release|Mixed Platforms
		Release|x64 = Release|x64
		Release|x86 = Release|x86
	EndGlobalSection
	GlobalSection(ProjectConfigurationPlatforms) = postSolution
		{77F639B3-BDFD-497E-90EB-723D6D0131CC}.Debug|Any CPU.ActiveCfg = Debug|Any CPU
		{77F639B3-BDFD-497E-90EB-723D6D0131CC}.Debug|Any CPU.Build.0 = Debug|Any CPU
		{77F639B3-BDFD-497E-90EB-723D6D0131CC}.Debug|Mixed Platforms.ActiveCfg = Debug|Any CPU
		{77F639B3-BDFD-497E-90EB-723D6D0131CC}.Debug|Mixed Platforms.Build.0 = Debug|Any CPU
		{77F639B3-BDFD-497E-90EB-723D6D0131CC}.Debug|x64.ActiveCfg = Debug|Any CPU
		{77F639B3-BDFD-497E-90EB-723D6D0131CC}.Debug|x86.ActiveCfg = Debug|Any CPU
		{77F639B3-BDFD-497E-90EB-723D6D0131CC}.Release|Any CPU.ActiveCfg = Release|Any CPU
		{77F639B3-BDFD-497E-90EB-723D6D0131CC}.Release|Any CPU.Build.0 = Release|Any CPU
		{77F639B3-BDFD-497E-90EB-723D6D0131CC}.Release|Mixed Platforms.ActiveCfg = Release|Any CPU
		{77F639B3-BDFD-497E-90EB-723D6D0131CC}.Release|Mixed Platforms.Build.0 = Release|Any CPU
		{77F639B3-BDFD-497E-90EB-723D6D0131CC}.Release|x64.ActiveCfg = Release|Any CPU
		{77F639B3-BDFD-497E-90EB-723D6D0131CC}.Release|x86.ActiveCfg = Release|Any CPU
		{8514DC25-92B9-4FDB-95F0-89D1220B8E10}.Debug|Any CPU.ActiveCfg = Debug|Any CPU
		{8514DC25-92B9-4FDB-95F0-89D1220B8E10}.Debug|Any CPU.Build.0 = Debug|Any CPU
		{8514DC25-92B9-4FDB-95F0-89D1220B8E10}.Debug|Mixed Platforms.ActiveCfg = Debug|Any CPU
		{8514DC25-92B9-4FDB-95F0-89D1220B8E10}.Debug|Mixed Platforms.Build.0 = Debug|Any CPU
		{8514DC25-92B9-4FDB-95F0-89D1220B8E10}.Debug|x64.ActiveCfg = Debug|Any CPU
		{8514DC25-92B9-4FDB-95F0-89D1220B8E10}.Debug|x86.ActiveCfg = Debug|Any CPU
		{8514DC25-92B9-4FDB-95F0-89D1220B8E10}.Release|Any CPU.ActiveCfg = Release|Any CPU
		{8514DC25-92B9-4FDB-95F0-89D1220B8E10}.Release|Any CPU.Build.0 = Release|Any CPU
		{8514DC25-92B9-4FDB-95F0-89D1220B8E10}.Release|Mixed Platforms.ActiveCfg = Release|Any CPU
		{8514DC25-92B9-4FDB-95F0-89D1220B8E10}.Release|Mixed Platforms.Build.0 = Release|Any CPU
		{8514DC25-92B9-4FDB-95F0-89D1220B8E10}.Release|x64.ActiveCfg = Release|Any CPU
		{8514DC25-92B9-4FDB-95F0-89D1220B8E10}.Release|x86.ActiveCfg = Release|Any CPU
		{5AD535D2-A6C7-40B6-A348-55F198BCFD24}.Debug|Any CPU.ActiveCfg = Debug|Any CPU
		{5AD535D2-A6C7-40B6-A348-55F198BCFD24}.Debug|Any CPU.Build.0 = Debug|Any CPU
		{5AD535D2-A6C7-40B6-A348-55F198BCFD24}.Debug|Mixed Platforms.ActiveCfg = Debug|Any CPU
		{5AD535D2-A6C7-40B6-A348-55F198BCFD24}.Debug|Mixed Platforms.Build.0 = Debug|Any CPU
		{5AD535D2-A6C7-40B6-A348-55F198BCFD24}.Debug|x64.ActiveCfg = Debug|Any CPU
		{5AD535D2-A6C7-40B6-A348-55F198BCFD24}.Debug|x86.ActiveCfg = Debug|Any CPU
		{5AD535D2-A6C7-40B6-A348-55F198BCFD24}.Release|Any CPU.ActiveCfg = Release|Any CPU
		{5AD535D2-A6C7-40B6-A348-55F198BCFD24}.Release|Any CPU.Build.0 = Release|Any CPU
		{5AD535D2-A6C7-40B6-A348-55F198BCFD24}.Release|Mixed Platforms.ActiveCfg = Release|Any CPU
		{5AD535D2-A6C7-40B6-A348-55F198BCFD24}.Release|Mixed Platforms.Build.0 = Release|Any CPU
		{5AD535D2-A6C7-40B6-A348-55F198BCFD24}.Release|x64.ActiveCfg = Release|Any CPU
		{5AD535D2-A6C7-40B6-A348-55F198BCFD24}.Release|x86.ActiveCfg = Release|Any CPU
		{2B76BA62-DEC7-4A5F-8FF6-03E238A7FC68}.Debug|Any CPU.ActiveCfg = Debug|Any CPU
		{2B76BA62-DEC7-4A5F-8FF6-03E238A7FC68}.Debug|Any CPU.Build.0 = Debug|Any CPU
		{2B76BA62-DEC7-4A5F-8FF6-03E238A7FC68}.Debug|Mixed Platforms.ActiveCfg = Debug|Any CPU
		{2B76BA62-DEC7-4A5F-8FF6-03E238A7FC68}.Debug|Mixed Platforms.Build.0 = Debug|Any CPU
		{2B76BA62-DEC7-4A5F-8FF6-03E238A7FC68}.Debug|x64.ActiveCfg = Debug|Any CPU
		{2B76BA62-DEC7-4A5F-8FF6-03E238A7FC68}.Debug|x86.ActiveCfg = Debug|Any CPU
		{2B76BA62-DEC7-4A5F-8FF6-03E238A7FC68}.Release|Any CPU.ActiveCfg = Release|Any CPU
		{2B76BA62-DEC7-4A5F-8FF6-03E238A7FC68}.Release|Any CPU.Build.0 = Release|Any CPU
		{2B76BA62-DEC7-4A5F-8FF6-03E238A7FC68}.Release|Mixed Platforms.ActiveCfg = Release|Any CPU
		{2B76BA62-DEC7-4A5F-8FF6-03E238A7FC68}.Release|Mixed Platforms.Build.0 = Release|Any CPU
		{2B76BA62-DEC7-4A5F-8FF6-03E238A7FC68}.Release|x64.ActiveCfg = Release|Any CPU
		{2B76BA62-DEC7-4A5F-8FF6-03E238A7FC68}.Release|x86.ActiveCfg = Release|Any CPU
		{C60F9406-D9C3-4A5E-A748-1B8848BE5C62}.Debug|Any CPU.ActiveCfg = Debug|Any CPU
		{C60F9406-D9C3-4A5E-A748-1B8848BE5C62}.Debug|Any CPU.Build.0 = Debug|Any CPU
		{C60F9406-D9C3-4A5E-A748-1B8848BE5C62}.Debug|Mixed Platforms.ActiveCfg = Debug|Any CPU
		{C60F9406-D9C3-4A5E-A748-1B8848BE5C62}.Debug|Mixed Platforms.Build.0 = Debug|Any CPU
		{C60F9406-D9C3-4A5E-A748-1B8848BE5C62}.Debug|x64.ActiveCfg = Debug|Any CPU
		{C60F9406-D9C3-4A5E-A748-1B8848BE5C62}.Debug|x86.ActiveCfg = Debug|Any CPU
		{C60F9406-D9C3-4A5E-A748-1B8848BE5C62}.Release|Any CPU.ActiveCfg = Release|Any CPU
		{C60F9406-D9C3-4A5E-A748-1B8848BE5C62}.Release|Any CPU.Build.0 = Release|Any CPU
		{C60F9406-D9C3-4A5E-A748-1B8848BE5C62}.Release|Mixed Platforms.ActiveCfg = Release|Any CPU
		{C60F9406-D9C3-4A5E-A748-1B8848BE5C62}.Release|Mixed Platforms.Build.0 = Release|Any CPU
		{C60F9406-D9C3-4A5E-A748-1B8848BE5C62}.Release|x64.ActiveCfg = Release|Any CPU
		{C60F9406-D9C3-4A5E-A748-1B8848BE5C62}.Release|x86.ActiveCfg = Release|Any CPU
		{16104E30-25D4-4163-A8FC-BDDF9F46D146}.Debug|Any CPU.ActiveCfg = Debug|Any CPU
		{16104E30-25D4-4163-A8FC-BDDF9F46D146}.Debug|Any CPU.Build.0 = Debug|Any CPU
		{16104E30-25D4-4163-A8FC-BDDF9F46D146}.Debug|Mixed Platforms.ActiveCfg = Debug|Any CPU
		{16104E30-25D4-4163-A8FC-BDDF9F46D146}.Debug|Mixed Platforms.Build.0 = Debug|Any CPU
		{16104E30-25D4-4163-A8FC-BDDF9F46D146}.Debug|x64.ActiveCfg = Debug|Any CPU
		{16104E30-25D4-4163-A8FC-BDDF9F46D146}.Debug|x86.ActiveCfg = Debug|Any CPU
		{16104E30-25D4-4163-A8FC-BDDF9F46D146}.Release|Any CPU.ActiveCfg = Release|Any CPU
		{16104E30-25D4-4163-A8FC-BDDF9F46D146}.Release|Any CPU.Build.0 = Release|Any CPU
		{16104E30-25D4-4163-A8FC-BDDF9F46D146}.Release|Mixed Platforms.ActiveCfg = Release|Any CPU
		{16104E30-25D4-4163-A8FC-BDDF9F46D146}.Release|Mixed Platforms.Build.0 = Release|Any CPU
		{16104E30-25D4-4163-A8FC-BDDF9F46D146}.Release|x64.ActiveCfg = Release|Any CPU
		{16104E30-25D4-4163-A8FC-BDDF9F46D146}.Release|x86.ActiveCfg = Release|Any CPU
		{48CB1AD9-87BA-44F8-98B6-2E0F1076AE03}.Debug|Any CPU.ActiveCfg = Debug|Any CPU
		{48CB1AD9-87BA-44F8-98B6-2E0F1076AE03}.Debug|Any CPU.Build.0 = Debug|Any CPU
		{48CB1AD9-87BA-44F8-98B6-2E0F1076AE03}.Debug|Mixed Platforms.ActiveCfg = Debug|Any CPU
		{48CB1AD9-87BA-44F8-98B6-2E0F1076AE03}.Debug|Mixed Platforms.Build.0 = Debug|Any CPU
		{48CB1AD9-87BA-44F8-98B6-2E0F1076AE03}.Debug|x64.ActiveCfg = Debug|Any CPU
		{48CB1AD9-87BA-44F8-98B6-2E0F1076AE03}.Debug|x86.ActiveCfg = Debug|Any CPU
		{48CB1AD9-87BA-44F8-98B6-2E0F1076AE03}.Release|Any CPU.ActiveCfg = Release|Any CPU
		{48CB1AD9-87BA-44F8-98B6-2E0F1076AE03}.Release|Any CPU.Build.0 = Release|Any CPU
		{48CB1AD9-87BA-44F8-98B6-2E0F1076AE03}.Release|Mixed Platforms.ActiveCfg = Release|Any CPU
		{48CB1AD9-87BA-44F8-98B6-2E0F1076AE03}.Release|Mixed Platforms.Build.0 = Release|Any CPU
		{48CB1AD9-87BA-44F8-98B6-2E0F1076AE03}.Release|x64.ActiveCfg = Release|Any CPU
		{48CB1AD9-87BA-44F8-98B6-2E0F1076AE03}.Release|x86.ActiveCfg = Release|Any CPU
		{B01B5E2F-951D-4338-A767-097B6A6B6648}.Debug|Any CPU.ActiveCfg = Debug|Any CPU
		{B01B5E2F-951D-4338-A767-097B6A6B6648}.Debug|Any CPU.Build.0 = Debug|Any CPU
		{B01B5E2F-951D-4338-A767-097B6A6B6648}.Debug|Mixed Platforms.ActiveCfg = Debug|Any CPU
		{B01B5E2F-951D-4338-A767-097B6A6B6648}.Debug|Mixed Platforms.Build.0 = Debug|Any CPU
		{B01B5E2F-951D-4338-A767-097B6A6B6648}.Debug|x64.ActiveCfg = Debug|Any CPU
		{B01B5E2F-951D-4338-A767-097B6A6B6648}.Debug|x86.ActiveCfg = Debug|Any CPU
		{B01B5E2F-951D-4338-A767-097B6A6B6648}.Release|Any CPU.ActiveCfg = Release|Any CPU
		{B01B5E2F-951D-4338-A767-097B6A6B6648}.Release|Any CPU.Build.0 = Release|Any CPU
		{B01B5E2F-951D-4338-A767-097B6A6B6648}.Release|Mixed Platforms.ActiveCfg = Release|Any CPU
		{B01B5E2F-951D-4338-A767-097B6A6B6648}.Release|Mixed Platforms.Build.0 = Release|Any CPU
		{B01B5E2F-951D-4338-A767-097B6A6B6648}.Release|x64.ActiveCfg = Release|Any CPU
		{B01B5E2F-951D-4338-A767-097B6A6B6648}.Release|x86.ActiveCfg = Release|Any CPU
		{BFBAC159-1E60-4D03-8ACA-D34E31EB83BF}.Debug|Any CPU.ActiveCfg = Debug|Any CPU
		{BFBAC159-1E60-4D03-8ACA-D34E31EB83BF}.Debug|Any CPU.Build.0 = Debug|Any CPU
		{BFBAC159-1E60-4D03-8ACA-D34E31EB83BF}.Debug|Mixed Platforms.ActiveCfg = Debug|Any CPU
		{BFBAC159-1E60-4D03-8ACA-D34E31EB83BF}.Debug|Mixed Platforms.Build.0 = Debug|Any CPU
		{BFBAC159-1E60-4D03-8ACA-D34E31EB83BF}.Debug|x64.ActiveCfg = Debug|Any CPU
		{BFBAC159-1E60-4D03-8ACA-D34E31EB83BF}.Debug|x86.ActiveCfg = Debug|Any CPU
		{BFBAC159-1E60-4D03-8ACA-D34E31EB83BF}.Release|Any CPU.ActiveCfg = Release|Any CPU
		{BFBAC159-1E60-4D03-8ACA-D34E31EB83BF}.Release|Any CPU.Build.0 = Release|Any CPU
		{BFBAC159-1E60-4D03-8ACA-D34E31EB83BF}.Release|Mixed Platforms.ActiveCfg = Release|Any CPU
		{BFBAC159-1E60-4D03-8ACA-D34E31EB83BF}.Release|Mixed Platforms.Build.0 = Release|Any CPU
		{BFBAC159-1E60-4D03-8ACA-D34E31EB83BF}.Release|x64.ActiveCfg = Release|Any CPU
		{BFBAC159-1E60-4D03-8ACA-D34E31EB83BF}.Release|x86.ActiveCfg = Release|Any CPU
		{BD80F826-56A3-4A88-B466-DDFA0691FFB8}.Debug|Any CPU.ActiveCfg = Debug|Any CPU
		{BD80F826-56A3-4A88-B466-DDFA0691FFB8}.Debug|Any CPU.Build.0 = Debug|Any CPU
		{BD80F826-56A3-4A88-B466-DDFA0691FFB8}.Debug|Mixed Platforms.ActiveCfg = Debug|Any CPU
		{BD80F826-56A3-4A88-B466-DDFA0691FFB8}.Debug|Mixed Platforms.Build.0 = Debug|Any CPU
		{BD80F826-56A3-4A88-B466-DDFA0691FFB8}.Debug|x64.ActiveCfg = Debug|Any CPU
		{BD80F826-56A3-4A88-B466-DDFA0691FFB8}.Debug|x86.ActiveCfg = Debug|Any CPU
		{BD80F826-56A3-4A88-B466-DDFA0691FFB8}.Release|Any CPU.ActiveCfg = Release|Any CPU
		{BD80F826-56A3-4A88-B466-DDFA0691FFB8}.Release|Any CPU.Build.0 = Release|Any CPU
		{BD80F826-56A3-4A88-B466-DDFA0691FFB8}.Release|Mixed Platforms.ActiveCfg = Release|Any CPU
		{BD80F826-56A3-4A88-B466-DDFA0691FFB8}.Release|Mixed Platforms.Build.0 = Release|Any CPU
		{BD80F826-56A3-4A88-B466-DDFA0691FFB8}.Release|x64.ActiveCfg = Release|Any CPU
		{BD80F826-56A3-4A88-B466-DDFA0691FFB8}.Release|x86.ActiveCfg = Release|Any CPU
		{9088435D-24F9-4D53-BE71-9A9BFBAA34EE}.Debug|Any CPU.ActiveCfg = Debug|Any CPU
		{9088435D-24F9-4D53-BE71-9A9BFBAA34EE}.Debug|Any CPU.Build.0 = Debug|Any CPU
		{9088435D-24F9-4D53-BE71-9A9BFBAA34EE}.Debug|Mixed Platforms.ActiveCfg = Debug|Any CPU
		{9088435D-24F9-4D53-BE71-9A9BFBAA34EE}.Debug|Mixed Platforms.Build.0 = Debug|Any CPU
		{9088435D-24F9-4D53-BE71-9A9BFBAA34EE}.Debug|x64.ActiveCfg = Debug|Any CPU
		{9088435D-24F9-4D53-BE71-9A9BFBAA34EE}.Debug|x86.ActiveCfg = Debug|Any CPU
		{9088435D-24F9-4D53-BE71-9A9BFBAA34EE}.Release|Any CPU.ActiveCfg = Release|Any CPU
		{9088435D-24F9-4D53-BE71-9A9BFBAA34EE}.Release|Any CPU.Build.0 = Release|Any CPU
		{9088435D-24F9-4D53-BE71-9A9BFBAA34EE}.Release|Mixed Platforms.ActiveCfg = Release|Any CPU
		{9088435D-24F9-4D53-BE71-9A9BFBAA34EE}.Release|Mixed Platforms.Build.0 = Release|Any CPU
		{9088435D-24F9-4D53-BE71-9A9BFBAA34EE}.Release|x64.ActiveCfg = Release|Any CPU
		{9088435D-24F9-4D53-BE71-9A9BFBAA34EE}.Release|x86.ActiveCfg = Release|Any CPU
		{09097771-84FD-4DC8-A259-1CB0591714EA}.Debug|Any CPU.ActiveCfg = Debug|Any CPU
		{09097771-84FD-4DC8-A259-1CB0591714EA}.Debug|Any CPU.Build.0 = Debug|Any CPU
		{09097771-84FD-4DC8-A259-1CB0591714EA}.Debug|Mixed Platforms.ActiveCfg = Debug|Any CPU
		{09097771-84FD-4DC8-A259-1CB0591714EA}.Debug|Mixed Platforms.Build.0 = Debug|Any CPU
		{09097771-84FD-4DC8-A259-1CB0591714EA}.Debug|x64.ActiveCfg = Debug|Any CPU
		{09097771-84FD-4DC8-A259-1CB0591714EA}.Debug|x86.ActiveCfg = Debug|Any CPU
		{09097771-84FD-4DC8-A259-1CB0591714EA}.Release|Any CPU.ActiveCfg = Release|Any CPU
		{09097771-84FD-4DC8-A259-1CB0591714EA}.Release|Any CPU.Build.0 = Release|Any CPU
		{09097771-84FD-4DC8-A259-1CB0591714EA}.Release|Mixed Platforms.ActiveCfg = Release|Any CPU
		{09097771-84FD-4DC8-A259-1CB0591714EA}.Release|Mixed Platforms.Build.0 = Release|Any CPU
		{09097771-84FD-4DC8-A259-1CB0591714EA}.Release|x64.ActiveCfg = Release|Any CPU
		{09097771-84FD-4DC8-A259-1CB0591714EA}.Release|x86.ActiveCfg = Release|Any CPU
		{D54B96E7-46EB-4183-9C5D-898BE5DEBE2B}.Debug|Any CPU.ActiveCfg = Debug|Any CPU
		{D54B96E7-46EB-4183-9C5D-898BE5DEBE2B}.Debug|Any CPU.Build.0 = Debug|Any CPU
		{D54B96E7-46EB-4183-9C5D-898BE5DEBE2B}.Debug|Mixed Platforms.ActiveCfg = Debug|Any CPU
		{D54B96E7-46EB-4183-9C5D-898BE5DEBE2B}.Debug|Mixed Platforms.Build.0 = Debug|Any CPU
		{D54B96E7-46EB-4183-9C5D-898BE5DEBE2B}.Debug|x64.ActiveCfg = Debug|Any CPU
		{D54B96E7-46EB-4183-9C5D-898BE5DEBE2B}.Debug|x86.ActiveCfg = Debug|Any CPU
		{D54B96E7-46EB-4183-9C5D-898BE5DEBE2B}.Release|Any CPU.ActiveCfg = Release|Any CPU
		{D54B96E7-46EB-4183-9C5D-898BE5DEBE2B}.Release|Any CPU.Build.0 = Release|Any CPU
		{D54B96E7-46EB-4183-9C5D-898BE5DEBE2B}.Release|Mixed Platforms.ActiveCfg = Release|Any CPU
		{D54B96E7-46EB-4183-9C5D-898BE5DEBE2B}.Release|Mixed Platforms.Build.0 = Release|Any CPU
		{D54B96E7-46EB-4183-9C5D-898BE5DEBE2B}.Release|x64.ActiveCfg = Release|Any CPU
		{D54B96E7-46EB-4183-9C5D-898BE5DEBE2B}.Release|x86.ActiveCfg = Release|Any CPU
		{A94A8072-04EB-4D9B-96A8-82C3C3CA21CD}.Debug|Any CPU.ActiveCfg = Debug|Any CPU
		{A94A8072-04EB-4D9B-96A8-82C3C3CA21CD}.Debug|Any CPU.Build.0 = Debug|Any CPU
		{A94A8072-04EB-4D9B-96A8-82C3C3CA21CD}.Debug|Mixed Platforms.ActiveCfg = Debug|Any CPU
		{A94A8072-04EB-4D9B-96A8-82C3C3CA21CD}.Debug|Mixed Platforms.Build.0 = Debug|Any CPU
		{A94A8072-04EB-4D9B-96A8-82C3C3CA21CD}.Debug|x64.ActiveCfg = Debug|Any CPU
		{A94A8072-04EB-4D9B-96A8-82C3C3CA21CD}.Debug|x86.ActiveCfg = Debug|Any CPU
		{A94A8072-04EB-4D9B-96A8-82C3C3CA21CD}.Release|Any CPU.ActiveCfg = Release|Any CPU
		{A94A8072-04EB-4D9B-96A8-82C3C3CA21CD}.Release|Any CPU.Build.0 = Release|Any CPU
		{A94A8072-04EB-4D9B-96A8-82C3C3CA21CD}.Release|Mixed Platforms.ActiveCfg = Release|Any CPU
		{A94A8072-04EB-4D9B-96A8-82C3C3CA21CD}.Release|Mixed Platforms.Build.0 = Release|Any CPU
		{A94A8072-04EB-4D9B-96A8-82C3C3CA21CD}.Release|x64.ActiveCfg = Release|Any CPU
		{A94A8072-04EB-4D9B-96A8-82C3C3CA21CD}.Release|x86.ActiveCfg = Release|Any CPU
		{6E9F1CE8-6C55-454D-BDFB-D019E37CFA4F}.Debug|Any CPU.ActiveCfg = Debug|Any CPU
		{6E9F1CE8-6C55-454D-BDFB-D019E37CFA4F}.Debug|Any CPU.Build.0 = Debug|Any CPU
		{6E9F1CE8-6C55-454D-BDFB-D019E37CFA4F}.Debug|Mixed Platforms.ActiveCfg = Debug|Any CPU
		{6E9F1CE8-6C55-454D-BDFB-D019E37CFA4F}.Debug|Mixed Platforms.Build.0 = Debug|Any CPU
		{6E9F1CE8-6C55-454D-BDFB-D019E37CFA4F}.Debug|x64.ActiveCfg = Debug|Any CPU
		{6E9F1CE8-6C55-454D-BDFB-D019E37CFA4F}.Debug|x86.ActiveCfg = Debug|Any CPU
		{6E9F1CE8-6C55-454D-BDFB-D019E37CFA4F}.Release|Any CPU.ActiveCfg = Release|Any CPU
		{6E9F1CE8-6C55-454D-BDFB-D019E37CFA4F}.Release|Any CPU.Build.0 = Release|Any CPU
		{6E9F1CE8-6C55-454D-BDFB-D019E37CFA4F}.Release|Mixed Platforms.ActiveCfg = Release|Any CPU
		{6E9F1CE8-6C55-454D-BDFB-D019E37CFA4F}.Release|Mixed Platforms.Build.0 = Release|Any CPU
		{6E9F1CE8-6C55-454D-BDFB-D019E37CFA4F}.Release|x64.ActiveCfg = Release|Any CPU
		{6E9F1CE8-6C55-454D-BDFB-D019E37CFA4F}.Release|x86.ActiveCfg = Release|Any CPU
		{F2357D10-8FAB-4F77-B0D6-F67A0CDAC6A8}.Debug|Any CPU.ActiveCfg = Debug|Any CPU
		{F2357D10-8FAB-4F77-B0D6-F67A0CDAC6A8}.Debug|Any CPU.Build.0 = Debug|Any CPU
		{F2357D10-8FAB-4F77-B0D6-F67A0CDAC6A8}.Debug|Mixed Platforms.ActiveCfg = Debug|Any CPU
		{F2357D10-8FAB-4F77-B0D6-F67A0CDAC6A8}.Debug|Mixed Platforms.Build.0 = Debug|Any CPU
		{F2357D10-8FAB-4F77-B0D6-F67A0CDAC6A8}.Debug|x64.ActiveCfg = Debug|Any CPU
		{F2357D10-8FAB-4F77-B0D6-F67A0CDAC6A8}.Debug|x86.ActiveCfg = Debug|Any CPU
		{F2357D10-8FAB-4F77-B0D6-F67A0CDAC6A8}.Release|Any CPU.ActiveCfg = Release|Any CPU
		{F2357D10-8FAB-4F77-B0D6-F67A0CDAC6A8}.Release|Any CPU.Build.0 = Release|Any CPU
		{F2357D10-8FAB-4F77-B0D6-F67A0CDAC6A8}.Release|Mixed Platforms.ActiveCfg = Release|Any CPU
		{F2357D10-8FAB-4F77-B0D6-F67A0CDAC6A8}.Release|Mixed Platforms.Build.0 = Release|Any CPU
		{F2357D10-8FAB-4F77-B0D6-F67A0CDAC6A8}.Release|x64.ActiveCfg = Release|Any CPU
		{F2357D10-8FAB-4F77-B0D6-F67A0CDAC6A8}.Release|x86.ActiveCfg = Release|Any CPU
	EndGlobalSection
	GlobalSection(SolutionProperties) = preSolution
		HideSolutionNode = FALSE
	EndGlobalSection
	GlobalSection(NestedProjects) = preSolution
		{8AF0B3BE-7B01-45FF-8EA5-CCF0C596F7E7} = {8A552F36-6877-4094-AFD0-BCBC471E6564}
		{6F7FE654-1B71-4433-B008-6DA0AB0FCBE0} = {8A552F36-6877-4094-AFD0-BCBC471E6564}
		{F80E132E-28EE-4CC6-B11C-1683ED75B1FC} = {8A552F36-6877-4094-AFD0-BCBC471E6564}
		{1F765D4C-46A6-4F82-A338-3E0952EEFB39} = {8A552F36-6877-4094-AFD0-BCBC471E6564}
		{3CDA014A-AA30-48E7-84C6-44BA1AA0C7DD} = {8AF0B3BE-7B01-45FF-8EA5-CCF0C596F7E7}
		{05FF69EA-EC65-4CD6-AC82-12D110E6D626} = {8AF0B3BE-7B01-45FF-8EA5-CCF0C596F7E7}
		{99E6AA95-7905-4997-A593-F21E11BDD2DB} = {3CDA014A-AA30-48E7-84C6-44BA1AA0C7DD}
		{D763DA6C-5FA1-4A50-B8F8-2117C11CF2C4} = {3CDA014A-AA30-48E7-84C6-44BA1AA0C7DD}
		{D0EBD311-D634-4254-B787-3573CE8E808C} = {05FF69EA-EC65-4CD6-AC82-12D110E6D626}
		{BF556CC4-9192-4D6B-9BA4-CDFF06FD0E53} = {D0EBD311-D634-4254-B787-3573CE8E808C}
		{3B5E2EA1-394B-4137-9F62-062F0163CD9D} = {6F7FE654-1B71-4433-B008-6DA0AB0FCBE0}
		{A0F95852-74DF-46F9-9848-F934F62C0D70} = {6F7FE654-1B71-4433-B008-6DA0AB0FCBE0}
		{BFBAC159-1E60-4D03-8ACA-D34E31EB83BF} = {6F7FE654-1B71-4433-B008-6DA0AB0FCBE0}
		{BD80F826-56A3-4A88-B466-DDFA0691FFB8} = {F80E132E-28EE-4CC6-B11C-1683ED75B1FC}
		{D54B96E7-46EB-4183-9C5D-898BE5DEBE2B} = {F80E132E-28EE-4CC6-B11C-1683ED75B1FC}
		{A94A8072-04EB-4D9B-96A8-82C3C3CA21CD} = {F80E132E-28EE-4CC6-B11C-1683ED75B1FC}
		{9088435D-24F9-4D53-BE71-9A9BFBAA34EE} = {3B5E2EA1-394B-4137-9F62-062F0163CD9D}
		{09097771-84FD-4DC8-A259-1CB0591714EA} = {A0F95852-74DF-46F9-9848-F934F62C0D70}
	EndGlobalSection
	GlobalSection(TestCaseManagementSettings) = postSolution
		CategoryFile = dotNetRDF.vsmdi
	EndGlobalSection
	GlobalSection(TestCaseManagementSettings) = postSolution
		CategoryFile = dotNetRDF.vsmdi
	EndGlobalSection
EndGlobal
